
Microsoft Visual Studio Solution File, Format Version 12.00
# Visual Studio Version 16
VisualStudioVersion = 16.0.30114.105
MinimumVisualStudioVersion = 10.0.40219.1
Project("{FAE04EC0-301F-11D3-BF4B-00C04F79EFBC}") = "Refactor.Tests", "Refactor.Tests\Refactor.Tests.csproj", "{2993BA7B-BDFB-4D40-949A-4E32A7990A03}"
EndProject
Project("{FAE04EC0-301F-11D3-BF4B-00C04F79EFBC}") = "Refactor.Sample", "Refactor.Sample\Refactor.Sample.csproj", "{0229CC29-2C8D-4364-ACC8-4C4D872C81EC}"
EndProject
Project("{FAE04EC0-301F-11D3-BF4B-00C04F79EFBC}") = "Refactor.WebApi", "Refactor.WebApi\Refactor.WebApi.csproj", "{790AC229-052E-4E53-8CEC-2E9D7D515FF4}"
EndProject
Global
	GlobalSection(SolutionConfigurationPlatforms) = preSolution
		Debug|Any CPU = Debug|Any CPU
		Debug|x64 = Debug|x64
		Debug|x86 = Debug|x86
		Release|Any CPU = Release|Any CPU
		Release|x64 = Release|x64
		Release|x86 = Release|x86
	EndGlobalSection
	GlobalSection(SolutionProperties) = preSolution
		HideSolutionNode = FALSE
	EndGlobalSection
	GlobalSection(ProjectConfigurationPlatforms) = postSolution
		{2993BA7B-BDFB-4D40-949A-4E32A7990A03}.Debug|Any CPU.ActiveCfg = Debug|Any CPU
		{2993BA7B-BDFB-4D40-949A-4E32A7990A03}.Debug|Any CPU.Build.0 = Debug|Any CPU
		{2993BA7B-BDFB-4D40-949A-4E32A7990A03}.Debug|x64.ActiveCfg = Debug|Any CPU
		{2993BA7B-BDFB-4D40-949A-4E32A7990A03}.Debug|x64.Build.0 = Debug|Any CPU
		{2993BA7B-BDFB-4D40-949A-4E32A7990A03}.Debug|x86.ActiveCfg = Debug|Any CPU
		{2993BA7B-BDFB-4D40-949A-4E32A7990A03}.Debug|x86.Build.0 = Debug|Any CPU
		{2993BA7B-BDFB-4D40-949A-4E32A7990A03}.Release|Any CPU.ActiveCfg = Release|Any CPU
		{2993BA7B-BDFB-4D40-949A-4E32A7990A03}.Release|Any CPU.Build.0 = Release|Any CPU
		{2993BA7B-BDFB-4D40-949A-4E32A7990A03}.Release|x64.ActiveCfg = Release|Any CPU
		{2993BA7B-BDFB-4D40-949A-4E32A7990A03}.Release|x64.Build.0 = Release|Any CPU
		{2993BA7B-BDFB-4D40-949A-4E32A7990A03}.Release|x86.ActiveCfg = Release|Any CPU
		{2993BA7B-BDFB-4D40-949A-4E32A7990A03}.Release|x86.Build.0 = Release|Any CPU
		{0229CC29-2C8D-4364-ACC8-4C4D872C81EC}.Debug|Any CPU.ActiveCfg = Debug|Any CPU
		{0229CC29-2C8D-4364-ACC8-4C4D872C81EC}.Debug|Any CPU.Build.0 = Debug|Any CPU
		{0229CC29-2C8D-4364-ACC8-4C4D872C81EC}.Debug|x64.ActiveCfg = Debug|Any CPU
		{0229CC29-2C8D-4364-ACC8-4C4D872C81EC}.Debug|x64.Build.0 = Debug|Any CPU
		{0229CC29-2C8D-4364-ACC8-4C4D872C81EC}.Debug|x86.ActiveCfg = Debug|Any CPU
		{0229CC29-2C8D-4364-ACC8-4C4D872C81EC}.Debug|x86.Build.0 = Debug|Any CPU
		{0229CC29-2C8D-4364-ACC8-4C4D872C81EC}.Release|Any CPU.ActiveCfg = Release|Any CPU
		{0229CC29-2C8D-4364-ACC8-4C4D872C81EC}.Release|Any CPU.Build.0 = Release|Any CPU
		{0229CC29-2C8D-4364-ACC8-4C4D872C81EC}.Release|x64.ActiveCfg = Release|Any CPU
		{0229CC29-2C8D-4364-ACC8-4C4D872C81EC}.Release|x64.Build.0 = Release|Any CPU
		{0229CC29-2C8D-4364-ACC8-4C4D872C81EC}.Release|x86.ActiveCfg = Release|Any CPU
		{0229CC29-2C8D-4364-ACC8-4C4D872C81EC}.Release|x86.Build.0 = Release|Any CPU
		{790AC229-052E-4E53-8CEC-2E9D7D515FF4}.Debug|Any CPU.ActiveCfg = Debug|Any CPU
		{790AC229-052E-4E53-8CEC-2E9D7D515FF4}.Debug|Any CPU.Build.0 = Debug|Any CPU
		{790AC229-052E-4E53-8CEC-2E9D7D515FF4}.Debug|x64.ActiveCfg = Debug|Any CPU
		{790AC229-052E-4E53-8CEC-2E9D7D515FF4}.Debug|x64.Build.0 = Debug|Any CPU
		{790AC229-052E-4E53-8CEC-2E9D7D515FF4}.Debug|x86.ActiveCfg = Debug|Any CPU
		{790AC229-052E-4E53-8CEC-2E9D7D515FF4}.Debug|x86.Build.0 = Debug|Any CPU
		{790AC229-052E-4E53-8CEC-2E9D7D515FF4}.Release|Any CPU.ActiveCfg = Release|Any CPU
		{790AC229-052E-4E53-8CEC-2E9D7D515FF4}.Release|Any CPU.Build.0 = Release|Any CPU
		{790AC229-052E-4E53-8CEC-2E9D7D515FF4}.Release|x64.ActiveCfg = Release|Any CPU
		{790AC229-052E-4E53-8CEC-2E9D7D515FF4}.Release|x64.Build.0 = Release|Any CPU
		{790AC229-052E-4E53-8CEC-2E9D7D515FF4}.Release|x86.ActiveCfg = Release|Any CPU
		{790AC229-052E-4E53-8CEC-2E9D7D515FF4}.Release|x86.Build.0 = Release|Any CPU
	EndGlobalSection
EndGlobal
